// !$*UTF8*$!
{
	archiveVersion = 1;
	classes = {
	};
	objectVersion = 50;
	objects = {

/* Begin PBXBuildFile section */
		BA05F650256DC7D20041F627 /* TabBar.swift in Sources */ = {isa = PBXBuildFile; fileRef = BA05F64F256DC7D20041F627 /* TabBar.swift */; };
		BA05F658256DC82D0041F627 /* TabBarItem.swift in Sources */ = {isa = PBXBuildFile; fileRef = BA05F657256DC82D0041F627 /* TabBarItem.swift */; };
		BA1AB8C525DF17FD00D3A2F6 /* Fab.swift in Sources */ = {isa = PBXBuildFile; fileRef = BA1AB8C425DF17FD00D3A2F6 /* Fab.swift */; };
		BA1AB8CD25DF1B9D00D3A2F6 /* DraggableFab.swift in Sources */ = {isa = PBXBuildFile; fileRef = BA1AB8CC25DF1B9D00D3A2F6 /* DraggableFab.swift */; };
		BA2A1C9E25CE3DA600B7CA2A /* ToDoDetailView.swift in Sources */ = {isa = PBXBuildFile; fileRef = BA2A1C9D25CE3DA600B7CA2A /* ToDoDetailView.swift */; };
		BA5C58B72565F84200178AB4 /* TodoAppApp.swift in Sources */ = {isa = PBXBuildFile; fileRef = BA5C58B62565F84200178AB4 /* TodoAppApp.swift */; };
		BA5C58B92565F84200178AB4 /* ContentView.swift in Sources */ = {isa = PBXBuildFile; fileRef = BA5C58B82565F84200178AB4 /* ContentView.swift */; };
		BA5C58BB2565F84400178AB4 /* Assets.xcassets in Resources */ = {isa = PBXBuildFile; fileRef = BA5C58BA2565F84400178AB4 /* Assets.xcassets */; };
		BA5C58BE2565F84400178AB4 /* Preview Assets.xcassets in Resources */ = {isa = PBXBuildFile; fileRef = BA5C58BD2565F84400178AB4 /* Preview Assets.xcassets */; };
		BA5C58C02565F84400178AB4 /* Persistence.swift in Sources */ = {isa = PBXBuildFile; fileRef = BA5C58BF2565F84400178AB4 /* Persistence.swift */; };
		BA5C58C32565F84400178AB4 /* TodoApp.xcdatamodeld in Sources */ = {isa = PBXBuildFile; fileRef = BA5C58C12565F84400178AB4 /* TodoApp.xcdatamodeld */; };
		BA5C58CE2565F84400178AB4 /* TodoAppTests.swift in Sources */ = {isa = PBXBuildFile; fileRef = BA5C58CD2565F84400178AB4 /* TodoAppTests.swift */; };
		BA5C58D92565F84400178AB4 /* TodoAppUITests.swift in Sources */ = {isa = PBXBuildFile; fileRef = BA5C58D82565F84400178AB4 /* TodoAppUITests.swift */; };
		BA5C58EA2565FDEE00178AB4 /* APICaller.swift in Sources */ = {isa = PBXBuildFile; fileRef = BA5C58E92565FDEE00178AB4 /* APICaller.swift */; };
		BA615CF025676DB9003A8DD3 /* ModalView.swift in Sources */ = {isa = PBXBuildFile; fileRef = BA615CEF25676DB9003A8DD3 /* ModalView.swift */; };
		BA615CF625677239003A8DD3 /* TodoModel.swift in Sources */ = {isa = PBXBuildFile; fileRef = BA615CF525677239003A8DD3 /* TodoModel.swift */; };
		BA86E7C125689076004D468E /* JSON.swift in Sources */ = {isa = PBXBuildFile; fileRef = BA86E7C025689076004D468E /* JSON.swift */; };
		BA9675C02575CAC200E59433 /* EntryForm.swift in Sources */ = {isa = PBXBuildFile; fileRef = BA9675BF2575CAC200E59433 /* EntryForm.swift */; };
		BA9675C82575CB9800E59433 /* TodoList.swift in Sources */ = {isa = PBXBuildFile; fileRef = BA9675C72575CB9800E59433 /* TodoList.swift */; };
		BAA54BF525774B73009F9042 /* DatePicker.swift in Sources */ = {isa = PBXBuildFile; fileRef = BAA54BF425774B73009F9042 /* DatePicker.swift */; };
		BAB1E34C256DC0A40052937E /* TodoCellView.swift in Sources */ = {isa = PBXBuildFile; fileRef = BAB1E34B256DC0A40052937E /* TodoCellView.swift */; };
/* End PBXBuildFile section */

/* Begin PBXContainerItemProxy section */
		BA5C58CA2565F84400178AB4 /* PBXContainerItemProxy */ = {
			isa = PBXContainerItemProxy;
			containerPortal = BA5C58AB2565F84200178AB4 /* Project object */;
			proxyType = 1;
			remoteGlobalIDString = BA5C58B22565F84200178AB4;
			remoteInfo = TodoApp;
		};
		BA5C58D52565F84400178AB4 /* PBXContainerItemProxy */ = {
			isa = PBXContainerItemProxy;
			containerPortal = BA5C58AB2565F84200178AB4 /* Project object */;
			proxyType = 1;
			remoteGlobalIDString = BA5C58B22565F84200178AB4;
			remoteInfo = TodoApp;
		};
/* End PBXContainerItemProxy section */

/* Begin PBXFileReference section */
		BA05F64F256DC7D20041F627 /* TabBar.swift */ = {isa = PBXFileReference; lastKnownFileType = sourcecode.swift; path = TabBar.swift; sourceTree = "<group>"; };
		BA05F657256DC82D0041F627 /* TabBarItem.swift */ = {isa = PBXFileReference; lastKnownFileType = sourcecode.swift; path = TabBarItem.swift; sourceTree = "<group>"; };
		BA1AB8C425DF17FD00D3A2F6 /* Fab.swift */ = {isa = PBXFileReference; lastKnownFileType = sourcecode.swift; path = Fab.swift; sourceTree = "<group>"; };
		BA1AB8CC25DF1B9D00D3A2F6 /* DraggableFab.swift */ = {isa = PBXFileReference; lastKnownFileType = sourcecode.swift; path = DraggableFab.swift; sourceTree = "<group>"; };
		BA2A1C9D25CE3DA600B7CA2A /* ToDoDetailView.swift */ = {isa = PBXFileReference; lastKnownFileType = sourcecode.swift; path = ToDoDetailView.swift; sourceTree = "<group>"; };
		BA5C58B32565F84200178AB4 /* TodoApp.app */ = {isa = PBXFileReference; explicitFileType = wrapper.application; includeInIndex = 0; path = TodoApp.app; sourceTree = BUILT_PRODUCTS_DIR; };
		BA5C58B62565F84200178AB4 /* TodoAppApp.swift */ = {isa = PBXFileReference; lastKnownFileType = sourcecode.swift; path = TodoAppApp.swift; sourceTree = "<group>"; };
		BA5C58B82565F84200178AB4 /* ContentView.swift */ = {isa = PBXFileReference; lastKnownFileType = sourcecode.swift; path = ContentView.swift; sourceTree = "<group>"; };
		BA5C58BA2565F84400178AB4 /* Assets.xcassets */ = {isa = PBXFileReference; lastKnownFileType = folder.assetcatalog; path = Assets.xcassets; sourceTree = "<group>"; };
		BA5C58BD2565F84400178AB4 /* Preview Assets.xcassets */ = {isa = PBXFileReference; lastKnownFileType = folder.assetcatalog; path = "Preview Assets.xcassets"; sourceTree = "<group>"; };
		BA5C58BF2565F84400178AB4 /* Persistence.swift */ = {isa = PBXFileReference; lastKnownFileType = sourcecode.swift; path = Persistence.swift; sourceTree = "<group>"; };
		BA5C58C22565F84400178AB4 /* TodoApp.xcdatamodel */ = {isa = PBXFileReference; lastKnownFileType = wrapper.xcdatamodel; path = TodoApp.xcdatamodel; sourceTree = "<group>"; };
		BA5C58C42565F84400178AB4 /* Info.plist */ = {isa = PBXFileReference; lastKnownFileType = text.plist.xml; path = Info.plist; sourceTree = "<group>"; };
		BA5C58C92565F84400178AB4 /* TodoAppTests.xctest */ = {isa = PBXFileReference; explicitFileType = wrapper.cfbundle; includeInIndex = 0; path = TodoAppTests.xctest; sourceTree = BUILT_PRODUCTS_DIR; };
		BA5C58CD2565F84400178AB4 /* TodoAppTests.swift */ = {isa = PBXFileReference; lastKnownFileType = sourcecode.swift; path = TodoAppTests.swift; sourceTree = "<group>"; };
		BA5C58CF2565F84400178AB4 /* Info.plist */ = {isa = PBXFileReference; lastKnownFileType = text.plist.xml; path = Info.plist; sourceTree = "<group>"; };
		BA5C58D42565F84400178AB4 /* TodoAppUITests.xctest */ = {isa = PBXFileReference; explicitFileType = wrapper.cfbundle; includeInIndex = 0; path = TodoAppUITests.xctest; sourceTree = BUILT_PRODUCTS_DIR; };
		BA5C58D82565F84400178AB4 /* TodoAppUITests.swift */ = {isa = PBXFileReference; lastKnownFileType = sourcecode.swift; path = TodoAppUITests.swift; sourceTree = "<group>"; };
		BA5C58DA2565F84400178AB4 /* Info.plist */ = {isa = PBXFileReference; lastKnownFileType = text.plist.xml; path = Info.plist; sourceTree = "<group>"; };
		BA5C58E92565FDEE00178AB4 /* APICaller.swift */ = {isa = PBXFileReference; lastKnownFileType = sourcecode.swift; path = APICaller.swift; sourceTree = "<group>"; };
		BA615CEF25676DB9003A8DD3 /* ModalView.swift */ = {isa = PBXFileReference; lastKnownFileType = sourcecode.swift; path = ModalView.swift; sourceTree = "<group>"; };
		BA615CF525677239003A8DD3 /* TodoModel.swift */ = {isa = PBXFileReference; lastKnownFileType = sourcecode.swift; path = TodoModel.swift; sourceTree = "<group>"; };
		BA86E7C025689076004D468E /* JSON.swift */ = {isa = PBXFileReference; lastKnownFileType = sourcecode.swift; path = JSON.swift; sourceTree = "<group>"; };
		BA9675BF2575CAC200E59433 /* EntryForm.swift */ = {isa = PBXFileReference; lastKnownFileType = sourcecode.swift; path = EntryForm.swift; sourceTree = "<group>"; };
		BA9675C72575CB9800E59433 /* TodoList.swift */ = {isa = PBXFileReference; lastKnownFileType = sourcecode.swift; path = TodoList.swift; sourceTree = "<group>"; };
		BAA54BF425774B73009F9042 /* DatePicker.swift */ = {isa = PBXFileReference; lastKnownFileType = sourcecode.swift; path = DatePicker.swift; sourceTree = "<group>"; };
		BAB1E34B256DC0A40052937E /* TodoCellView.swift */ = {isa = PBXFileReference; lastKnownFileType = sourcecode.swift; path = TodoCellView.swift; sourceTree = "<group>"; };
/* End PBXFileReference section */

/* Begin PBXFrameworksBuildPhase section */
		BA5C58B02565F84200178AB4 /* Frameworks */ = {
			isa = PBXFrameworksBuildPhase;
			buildActionMask = 2147483647;
			files = (
			);
			runOnlyForDeploymentPostprocessing = 0;
		};
		BA5C58C62565F84400178AB4 /* Frameworks */ = {
			isa = PBXFrameworksBuildPhase;
			buildActionMask = 2147483647;
			files = (
			);
			runOnlyForDeploymentPostprocessing = 0;
		};
		BA5C58D12565F84400178AB4 /* Frameworks */ = {
			isa = PBXFrameworksBuildPhase;
			buildActionMask = 2147483647;
			files = (
			);
			runOnlyForDeploymentPostprocessing = 0;
		};
/* End PBXFrameworksBuildPhase section */

/* Begin PBXGroup section */
		BA05F64E256DC7C30041F627 /* TabBar */ = {
			isa = PBXGroup;
			children = (
				BA05F64F256DC7D20041F627 /* TabBar.swift */,
				BA05F657256DC82D0041F627 /* TabBarItem.swift */,
			);
			path = TabBar;
			sourceTree = "<group>";
		};
		BA1AB8C325DF17ED00D3A2F6 /* FAB */ = {
			isa = PBXGroup;
			children = (
				BA1AB8C425DF17FD00D3A2F6 /* Fab.swift */,
				BA1AB8CC25DF1B9D00D3A2F6 /* DraggableFab.swift */,
			);
			path = FAB;
			sourceTree = "<group>";
		};
		BA5C58AA2565F84200178AB4 = {
			isa = PBXGroup;
			children = (
				BA5C58B52565F84200178AB4 /* TodoApp */,
				BA5C58CC2565F84400178AB4 /* TodoAppTests */,
				BA5C58D72565F84400178AB4 /* TodoAppUITests */,
				BA5C58B42565F84200178AB4 /* Products */,
			);
			sourceTree = "<group>";
		};
		BA5C58B42565F84200178AB4 /* Products */ = {
			isa = PBXGroup;
			children = (
				BA5C58B32565F84200178AB4 /* TodoApp.app */,
				BA5C58C92565F84400178AB4 /* TodoAppTests.xctest */,
				BA5C58D42565F84400178AB4 /* TodoAppUITests.xctest */,
			);
			name = Products;
			sourceTree = "<group>";
		};
		BA5C58B52565F84200178AB4 /* TodoApp */ = {
			isa = PBXGroup;
			children = (
				BA86E7BF25689067004D468E /* Extensions */,
				BA615CF42567722D003A8DD3 /* Models */,
				BA615CDD25676B4D003A8DD3 /* Views */,
				BA5C58B62565F84200178AB4 /* TodoAppApp.swift */,
				BA5C58B82565F84200178AB4 /* ContentView.swift */,
				BA5C58BA2565F84400178AB4 /* Assets.xcassets */,
				BA5C58BF2565F84400178AB4 /* Persistence.swift */,
				BA5C58C42565F84400178AB4 /* Info.plist */,
				BA5C58C12565F84400178AB4 /* TodoApp.xcdatamodeld */,
				BA5C58BC2565F84400178AB4 /* Preview Content */,
				BA5C58E92565FDEE00178AB4 /* APICaller.swift */,
			);
			path = TodoApp;
			sourceTree = "<group>";
		};
		BA5C58BC2565F84400178AB4 /* Preview Content */ = {
			isa = PBXGroup;
			children = (
				BA5C58BD2565F84400178AB4 /* Preview Assets.xcassets */,
			);
			path = "Preview Content";
			sourceTree = "<group>";
		};
		BA5C58CC2565F84400178AB4 /* TodoAppTests */ = {
			isa = PBXGroup;
			children = (
				BA5C58CD2565F84400178AB4 /* TodoAppTests.swift */,
				BA5C58CF2565F84400178AB4 /* Info.plist */,
			);
			path = TodoAppTests;
			sourceTree = "<group>";
		};
		BA5C58D72565F84400178AB4 /* TodoAppUITests */ = {
			isa = PBXGroup;
			children = (
				BA5C58D82565F84400178AB4 /* TodoAppUITests.swift */,
				BA5C58DA2565F84400178AB4 /* Info.plist */,
			);
			path = TodoAppUITests;
			sourceTree = "<group>";
		};
		BA615CDD25676B4D003A8DD3 /* Views */ = {
			isa = PBXGroup;
			children = (
				BA1AB8C325DF17ED00D3A2F6 /* FAB */,
				BAA54BF325774B67009F9042 /* DatePicker */,
				BA9675BE2575CA6A00E59433 /* Forms */,
				BA05F64E256DC7C30041F627 /* TabBar */,
				BAB1E34A256DC0920052937E /* Todos */,
				BA615CEF25676DB9003A8DD3 /* ModalView.swift */,
			);
			path = Views;
			sourceTree = "<group>";
		};
		BA615CF42567722D003A8DD3 /* Models */ = {
			isa = PBXGroup;
			children = (
				BA615CF525677239003A8DD3 /* TodoModel.swift */,
			);
			path = Models;
			sourceTree = "<group>";
		};
		BA86E7BF25689067004D468E /* Extensions */ = {
			isa = PBXGroup;
			children = (
				BA86E7C025689076004D468E /* JSON.swift */,
			);
			path = Extensions;
			sourceTree = "<group>";
		};
		BA9675BE2575CA6A00E59433 /* Forms */ = {
			isa = PBXGroup;
			children = (
				BA9675BF2575CAC200E59433 /* EntryForm.swift */,
			);
			path = Forms;
			sourceTree = "<group>";
		};
		BAA54BF325774B67009F9042 /* DatePicker */ = {
			isa = PBXGroup;
			children = (
				BAA54BF425774B73009F9042 /* DatePicker.swift */,
			);
			path = DatePicker;
			sourceTree = "<group>";
		};
		BAB1E34A256DC0920052937E /* Todos */ = {
			isa = PBXGroup;
			children = (
				BAB1E34B256DC0A40052937E /* TodoCellView.swift */,
				BA9675C72575CB9800E59433 /* TodoList.swift */,
				BA2A1C9D25CE3DA600B7CA2A /* ToDoDetailView.swift */,
			);
			path = Todos;
			sourceTree = "<group>";
		};
/* End PBXGroup section */

/* Begin PBXNativeTarget section */
		BA5C58B22565F84200178AB4 /* TodoApp */ = {
			isa = PBXNativeTarget;
			buildConfigurationList = BA5C58DD2565F84400178AB4 /* Build configuration list for PBXNativeTarget "TodoApp" */;
			buildPhases = (
				BA5C58AF2565F84200178AB4 /* Sources */,
				BA5C58B02565F84200178AB4 /* Frameworks */,
				BA5C58B12565F84200178AB4 /* Resources */,
			);
			buildRules = (
			);
			dependencies = (
			);
			name = TodoApp;
			productName = TodoApp;
			productReference = BA5C58B32565F84200178AB4 /* TodoApp.app */;
			productType = "com.apple.product-type.application";
		};
		BA5C58C82565F84400178AB4 /* TodoAppTests */ = {
			isa = PBXNativeTarget;
			buildConfigurationList = BA5C58E02565F84400178AB4 /* Build configuration list for PBXNativeTarget "TodoAppTests" */;
			buildPhases = (
				BA5C58C52565F84400178AB4 /* Sources */,
				BA5C58C62565F84400178AB4 /* Frameworks */,
				BA5C58C72565F84400178AB4 /* Resources */,
			);
			buildRules = (
			);
			dependencies = (
				BA5C58CB2565F84400178AB4 /* PBXTargetDependency */,
			);
			name = TodoAppTests;
			productName = TodoAppTests;
			productReference = BA5C58C92565F84400178AB4 /* TodoAppTests.xctest */;
			productType = "com.apple.product-type.bundle.unit-test";
		};
		BA5C58D32565F84400178AB4 /* TodoAppUITests */ = {
			isa = PBXNativeTarget;
			buildConfigurationList = BA5C58E32565F84400178AB4 /* Build configuration list for PBXNativeTarget "TodoAppUITests" */;
			buildPhases = (
				BA5C58D02565F84400178AB4 /* Sources */,
				BA5C58D12565F84400178AB4 /* Frameworks */,
				BA5C58D22565F84400178AB4 /* Resources */,
			);
			buildRules = (
			);
			dependencies = (
				BA5C58D62565F84400178AB4 /* PBXTargetDependency */,
			);
			name = TodoAppUITests;
			productName = TodoAppUITests;
			productReference = BA5C58D42565F84400178AB4 /* TodoAppUITests.xctest */;
			productType = "com.apple.product-type.bundle.ui-testing";
		};
/* End PBXNativeTarget section */

/* Begin PBXProject section */
		BA5C58AB2565F84200178AB4 /* Project object */ = {
			isa = PBXProject;
			attributes = {
				LastSwiftUpdateCheck = 1220;
				LastUpgradeCheck = 1220;
				TargetAttributes = {
					BA5C58B22565F84200178AB4 = {
						CreatedOnToolsVersion = 12.2;
					};
					BA5C58C82565F84400178AB4 = {
						CreatedOnToolsVersion = 12.2;
						TestTargetID = BA5C58B22565F84200178AB4;
					};
					BA5C58D32565F84400178AB4 = {
						CreatedOnToolsVersion = 12.2;
						TestTargetID = BA5C58B22565F84200178AB4;
					};
				};
			};
			buildConfigurationList = BA5C58AE2565F84200178AB4 /* Build configuration list for PBXProject "TodoApp" */;
			compatibilityVersion = "Xcode 9.3";
			developmentRegion = en;
			hasScannedForEncodings = 0;
			knownRegions = (
				en,
				Base,
			);
			mainGroup = BA5C58AA2565F84200178AB4;
			productRefGroup = BA5C58B42565F84200178AB4 /* Products */;
			projectDirPath = "";
			projectRoot = "";
			targets = (
				BA5C58B22565F84200178AB4 /* TodoApp */,
				BA5C58C82565F84400178AB4 /* TodoAppTests */,
				BA5C58D32565F84400178AB4 /* TodoAppUITests */,
			);
		};
/* End PBXProject section */

/* Begin PBXResourcesBuildPhase section */
		BA5C58B12565F84200178AB4 /* Resources */ = {
			isa = PBXResourcesBuildPhase;
			buildActionMask = 2147483647;
			files = (
				BA5C58BE2565F84400178AB4 /* Preview Assets.xcassets in Resources */,
				BA5C58BB2565F84400178AB4 /* Assets.xcassets in Resources */,
			);
			runOnlyForDeploymentPostprocessing = 0;
		};
		BA5C58C72565F84400178AB4 /* Resources */ = {
			isa = PBXResourcesBuildPhase;
			buildActionMask = 2147483647;
			files = (
			);
			runOnlyForDeploymentPostprocessing = 0;
		};
		BA5C58D22565F84400178AB4 /* Resources */ = {
			isa = PBXResourcesBuildPhase;
			buildActionMask = 2147483647;
			files = (
			);
			runOnlyForDeploymentPostprocessing = 0;
		};
/* End PBXResourcesBuildPhase section */

/* Begin PBXSourcesBuildPhase section */
		BA5C58AF2565F84200178AB4 /* Sources */ = {
			isa = PBXSourcesBuildPhase;
			buildActionMask = 2147483647;
			files = (
				BA9675C02575CAC200E59433 /* EntryForm.swift in Sources */,
				BAA54BF525774B73009F9042 /* DatePicker.swift in Sources */,
				BA615CF025676DB9003A8DD3 /* ModalView.swift in Sources */,
				BA9675C82575CB9800E59433 /* TodoList.swift in Sources */,
				BA5C58C02565F84400178AB4 /* Persistence.swift in Sources */,
				BA5C58B92565F84200178AB4 /* ContentView.swift in Sources */,
				BA5C58B72565F84200178AB4 /* TodoAppApp.swift in Sources */,
				BA05F658256DC82D0041F627 /* TabBarItem.swift in Sources */,
				BAB1E34C256DC0A40052937E /* TodoCellView.swift in Sources */,
				BA5C58EA2565FDEE00178AB4 /* APICaller.swift in Sources */,
				BA2A1C9E25CE3DA600B7CA2A /* ToDoDetailView.swift in Sources */,
				BA615CF625677239003A8DD3 /* TodoModel.swift in Sources */,
				BA5C58C32565F84400178AB4 /* TodoApp.xcdatamodeld in Sources */,
				BA1AB8C525DF17FD00D3A2F6 /* Fab.swift in Sources */,
				BA86E7C125689076004D468E /* JSON.swift in Sources */,
				BA1AB8CD25DF1B9D00D3A2F6 /* DraggableFab.swift in Sources */,
				BA05F650256DC7D20041F627 /* TabBar.swift in Sources */,
			);
			runOnlyForDeploymentPostprocessing = 0;
		};
		BA5C58C52565F84400178AB4 /* Sources */ = {
			isa = PBXSourcesBuildPhase;
			buildActionMask = 2147483647;
			files = (
				BA5C58CE2565F84400178AB4 /* TodoAppTests.swift in Sources */,
			);
			runOnlyForDeploymentPostprocessing = 0;
		};
		BA5C58D02565F84400178AB4 /* Sources */ = {
			isa = PBXSourcesBuildPhase;
			buildActionMask = 2147483647;
			files = (
				BA5C58D92565F84400178AB4 /* TodoAppUITests.swift in Sources */,
			);
			runOnlyForDeploymentPostprocessing = 0;
		};
/* End PBXSourcesBuildPhase section */

/* Begin PBXTargetDependency section */
		BA5C58CB2565F84400178AB4 /* PBXTargetDependency */ = {
			isa = PBXTargetDependency;
			target = BA5C58B22565F84200178AB4 /* TodoApp */;
			targetProxy = BA5C58CA2565F84400178AB4 /* PBXContainerItemProxy */;
		};
		BA5C58D62565F84400178AB4 /* PBXTargetDependency */ = {
			isa = PBXTargetDependency;
			target = BA5C58B22565F84200178AB4 /* TodoApp */;
			targetProxy = BA5C58D52565F84400178AB4 /* PBXContainerItemProxy */;
		};
/* End PBXTargetDependency section */

/* Begin XCBuildConfiguration section */
		BA5C58DB2565F84400178AB4 /* Debug */ = {
			isa = XCBuildConfiguration;
			buildSettings = {
				ALWAYS_SEARCH_USER_PATHS = NO;
				CLANG_ANALYZER_NONNULL = YES;
				CLANG_ANALYZER_NUMBER_OBJECT_CONVERSION = YES_AGGRESSIVE;
				CLANG_CXX_LANGUAGE_STANDARD = "gnu++14";
				CLANG_CXX_LIBRARY = "libc++";
				CLANG_ENABLE_MODULES = YES;
				CLANG_ENABLE_OBJC_ARC = YES;
				CLANG_ENABLE_OBJC_WEAK = YES;
				CLANG_WARN_BLOCK_CAPTURE_AUTORELEASING = YES;
				CLANG_WARN_BOOL_CONVERSION = YES;
				CLANG_WARN_COMMA = YES;
				CLANG_WARN_CONSTANT_CONVERSION = YES;
				CLANG_WARN_DEPRECATED_OBJC_IMPLEMENTATIONS = YES;
				CLANG_WARN_DIRECT_OBJC_ISA_USAGE = YES_ERROR;
				CLANG_WARN_DOCUMENTATION_COMMENTS = YES;
				CLANG_WARN_EMPTY_BODY = YES;
				CLANG_WARN_ENUM_CONVERSION = YES;
				CLANG_WARN_INFINITE_RECURSION = YES;
				CLANG_WARN_INT_CONVERSION = YES;
				CLANG_WARN_NON_LITERAL_NULL_CONVERSION = YES;
				CLANG_WARN_OBJC_IMPLICIT_RETAIN_SELF = YES;
				CLANG_WARN_OBJC_LITERAL_CONVERSION = YES;
				CLANG_WARN_OBJC_ROOT_CLASS = YES_ERROR;
				CLANG_WARN_QUOTED_INCLUDE_IN_FRAMEWORK_HEADER = YES;
				CLANG_WARN_RANGE_LOOP_ANALYSIS = YES;
				CLANG_WARN_STRICT_PROTOTYPES = YES;
				CLANG_WARN_SUSPICIOUS_MOVE = YES;
				CLANG_WARN_UNGUARDED_AVAILABILITY = YES_AGGRESSIVE;
				CLANG_WARN_UNREACHABLE_CODE = YES;
				CLANG_WARN__DUPLICATE_METHOD_MATCH = YES;
				COPY_PHASE_STRIP = NO;
				DEBUG_INFORMATION_FORMAT = dwarf;
				ENABLE_STRICT_OBJC_MSGSEND = YES;
				ENABLE_TESTABILITY = YES;
				GCC_C_LANGUAGE_STANDARD = gnu11;
				GCC_DYNAMIC_NO_PIC = NO;
				GCC_NO_COMMON_BLOCKS = YES;
				GCC_OPTIMIZATION_LEVEL = 0;
				GCC_PREPROCESSOR_DEFINITIONS = (
					"DEBUG=1",
					"$(inherited)",
				);
				GCC_WARN_64_TO_32_BIT_CONVERSION = YES;
				GCC_WARN_ABOUT_RETURN_TYPE = YES_ERROR;
				GCC_WARN_UNDECLARED_SELECTOR = YES;
				GCC_WARN_UNINITIALIZED_AUTOS = YES_AGGRESSIVE;
				GCC_WARN_UNUSED_FUNCTION = YES;
				GCC_WARN_UNUSED_VARIABLE = YES;
				IPHONEOS_DEPLOYMENT_TARGET = 14.2;
				MTL_ENABLE_DEBUG_INFO = INCLUDE_SOURCE;
				MTL_FAST_MATH = YES;
				ONLY_ACTIVE_ARCH = YES;
				SDKROOT = iphoneos;
				SWIFT_ACTIVE_COMPILATION_CONDITIONS = DEBUG;
				SWIFT_OPTIMIZATION_LEVEL = "-Onone";
			};
			name = Debug;
		};
		BA5C58DC2565F84400178AB4 /* Release */ = {
			isa = XCBuildConfiguration;
			buildSettings = {
				ALWAYS_SEARCH_USER_PATHS = NO;
				CLANG_ANALYZER_NONNULL = YES;
				CLANG_ANALYZER_NUMBER_OBJECT_CONVERSION = YES_AGGRESSIVE;
				CLANG_CXX_LANGUAGE_STANDARD = "gnu++14";
				CLANG_CXX_LIBRARY = "libc++";
				CLANG_ENABLE_MODULES = YES;
				CLANG_ENABLE_OBJC_ARC = YES;
				CLANG_ENABLE_OBJC_WEAK = YES;
				CLANG_WARN_BLOCK_CAPTURE_AUTORELEASING = YES;
				CLANG_WARN_BOOL_CONVERSION = YES;
				CLANG_WARN_COMMA = YES;
				CLANG_WARN_CONSTANT_CONVERSION = YES;
				CLANG_WARN_DEPRECATED_OBJC_IMPLEMENTATIONS = YES;
				CLANG_WARN_DIRECT_OBJC_ISA_USAGE = YES_ERROR;
				CLANG_WARN_DOCUMENTATION_COMMENTS = YES;
				CLANG_WARN_EMPTY_BODY = YES;
				CLANG_WARN_ENUM_CONVERSION = YES;
				CLANG_WARN_INFINITE_RECURSION = YES;
				CLANG_WARN_INT_CONVERSION = YES;
				CLANG_WARN_NON_LITERAL_NULL_CONVERSION = YES;
				CLANG_WARN_OBJC_IMPLICIT_RETAIN_SELF = YES;
				CLANG_WARN_OBJC_LITERAL_CONVERSION = YES;
				CLANG_WARN_OBJC_ROOT_CLASS = YES_ERROR;
				CLANG_WARN_QUOTED_INCLUDE_IN_FRAMEWORK_HEADER = YES;
				CLANG_WARN_RANGE_LOOP_ANALYSIS = YES;
				CLANG_WARN_STRICT_PROTOTYPES = YES;
				CLANG_WARN_SUSPICIOUS_MOVE = YES;
				CLANG_WARN_UNGUARDED_AVAILABILITY = YES_AGGRESSIVE;
				CLANG_WARN_UNREACHABLE_CODE = YES;
				CLANG_WARN__DUPLICATE_METHOD_MATCH = YES;
				COPY_PHASE_STRIP = NO;
				DEBUG_INFORMATION_FORMAT = "dwarf-with-dsym";
				ENABLE_NS_ASSERTIONS = NO;
				ENABLE_STRICT_OBJC_MSGSEND = YES;
				GCC_C_LANGUAGE_STANDARD = gnu11;
				GCC_NO_COMMON_BLOCKS = YES;
				GCC_WARN_64_TO_32_BIT_CONVERSION = YES;
				GCC_WARN_ABOUT_RETURN_TYPE = YES_ERROR;
				GCC_WARN_UNDECLARED_SELECTOR = YES;
				GCC_WARN_UNINITIALIZED_AUTOS = YES_AGGRESSIVE;
				GCC_WARN_UNUSED_FUNCTION = YES;
				GCC_WARN_UNUSED_VARIABLE = YES;
				IPHONEOS_DEPLOYMENT_TARGET = 14.2;
				MTL_ENABLE_DEBUG_INFO = NO;
				MTL_FAST_MATH = YES;
				SDKROOT = iphoneos;
				SWIFT_COMPILATION_MODE = wholemodule;
				SWIFT_OPTIMIZATION_LEVEL = "-O";
				VALIDATE_PRODUCT = YES;
			};
			name = Release;
		};
		BA5C58DE2565F84400178AB4 /* Debug */ = {
			isa = XCBuildConfiguration;
			buildSettings = {
				ASSETCATALOG_COMPILER_APPICON_NAME = AppIcon;
				ASSETCATALOG_COMPILER_GLOBAL_ACCENT_COLOR_NAME = AccentColor;
				CODE_SIGN_STYLE = Automatic;
				DEVELOPMENT_ASSET_PATHS = "\"TodoApp/Preview Content\"";
				DEVELOPMENT_TEAM = 642D24FH73;
				ENABLE_PREVIEWS = YES;
				INFOPLIST_FILE = TodoApp/Info.plist;
				IPHONEOS_DEPLOYMENT_TARGET = 14.0;
				LD_RUNPATH_SEARCH_PATHS = (
					"$(inherited)",
					"@executable_path/Frameworks",
				);
				PRODUCT_BUNDLE_IDENTIFIER = Atlas.TodoApp;
				PRODUCT_NAME = "$(TARGET_NAME)";
				SWIFT_VERSION = 5.0;
				TARGETED_DEVICE_FAMILY = "1,2";
			};
			name = Debug;
		};
		BA5C58DF2565F84400178AB4 /* Release */ = {
			isa = XCBuildConfiguration;
			buildSettings = {
				ASSETCATALOG_COMPILER_APPICON_NAME = AppIcon;
				ASSETCATALOG_COMPILER_GLOBAL_ACCENT_COLOR_NAME = AccentColor;
				CODE_SIGN_STYLE = Automatic;
				DEVELOPMENT_ASSET_PATHS = "\"TodoApp/Preview Content\"";
				DEVELOPMENT_TEAM = 642D24FH73;
				ENABLE_PREVIEWS = YES;
				INFOPLIST_FILE = TodoApp/Info.plist;
				IPHONEOS_DEPLOYMENT_TARGET = 14.0;
				LD_RUNPATH_SEARCH_PATHS = (
					"$(inherited)",
					"@executable_path/Frameworks",
				);
				PRODUCT_BUNDLE_IDENTIFIER = Atlas.TodoApp;
				PRODUCT_NAME = "$(TARGET_NAME)";
				SWIFT_VERSION = 5.0;
				TARGETED_DEVICE_FAMILY = "1,2";
			};
			name = Release;
		};
		BA5C58E12565F84400178AB4 /* Debug */ = {
			isa = XCBuildConfiguration;
			buildSettings = {
				ALWAYS_EMBED_SWIFT_STANDARD_LIBRARIES = YES;
				BUNDLE_LOADER = "$(TEST_HOST)";
				CODE_SIGN_STYLE = Automatic;
				DEVELOPMENT_TEAM = 642D24FH73;
				INFOPLIST_FILE = TodoAppTests/Info.plist;
				IPHONEOS_DEPLOYMENT_TARGET = 14.0;
				LD_RUNPATH_SEARCH_PATHS = (
					"$(inherited)",
					"@executable_path/Frameworks",
					"@loader_path/Frameworks",
				);
				PRODUCT_BUNDLE_IDENTIFIER = Atlas.TodoAppTests;
				PRODUCT_NAME = "$(TARGET_NAME)";
				SWIFT_VERSION = 5.0;
				TARGETED_DEVICE_FAMILY = "1,2";
				TEST_HOST = "$(BUILT_PRODUCTS_DIR)/TodoApp.app/TodoApp";
			};
			name = Debug;
		};
		BA5C58E22565F84400178AB4 /* Release */ = {
			isa = XCBuildConfiguration;
			buildSettings = {
				ALWAYS_EMBED_SWIFT_STANDARD_LIBRARIES = YES;
				BUNDLE_LOADER = "$(TEST_HOST)";
				CODE_SIGN_STYLE = Automatic;
				DEVELOPMENT_TEAM = 642D24FH73;
				INFOPLIST_FILE = TodoAppTests/Info.plist;
				IPHONEOS_DEPLOYMENT_TARGET = 14.0;
				LD_RUNPATH_SEARCH_PATHS = (
					"$(inherited)",
					"@executable_path/Frameworks",
					"@loader_path/Frameworks",
				);
				PRODUCT_BUNDLE_IDENTIFIER = Atlas.TodoAppTests;
				PRODUCT_NAME = "$(TARGET_NAME)";
				SWIFT_VERSION = 5.0;
				TARGETED_DEVICE_FAMILY = "1,2";
				TEST_HOST = "$(BUILT_PRODUCTS_DIR)/TodoApp.app/TodoApp";
			};
			name = Release;
		};
		BA5C58E42565F84400178AB4 /* Debug */ = {
			isa = XCBuildConfiguration;
			buildSettings = {
				ALWAYS_EMBED_SWIFT_STANDARD_LIBRARIES = YES;
				CODE_SIGN_STYLE = Automatic;
				DEVELOPMENT_TEAM = 642D24FH73;
				INFOPLIST_FILE = TodoAppUITests/Info.plist;
				LD_RUNPATH_SEARCH_PATHS = (
					"$(inherited)",
					"@executable_path/Frameworks",
					"@loader_path/Frameworks",
				);
				PRODUCT_BUNDLE_IDENTIFIER = Atlas.TodoAppUITests;
				PRODUCT_NAME = "$(TARGET_NAME)";
				SWIFT_VERSION = 5.0;
				TARGETED_DEVICE_FAMILY = "1,2";
				TEST_TARGET_NAME = TodoApp;
			};
			name = Debug;
		};
		BA5C58E52565F84400178AB4 /* Release */ = {
			isa = XCBuildConfiguration;
			buildSettings = {
				ALWAYS_EMBED_SWIFT_STANDARD_LIBRARIES = YES;
				CODE_SIGN_STYLE = Automatic;
				DEVELOPMENT_TEAM = 642D24FH73;
				INFOPLIST_FILE = TodoAppUITests/Info.plist;
				LD_RUNPATH_SEARCH_PATHS = (
					"$(inherited)",
					"@executable_path/Frameworks",
					"@loader_path/Frameworks",
				);
				PRODUCT_BUNDLE_IDENTIFIER = Atlas.TodoAppUITests;
				PRODUCT_NAME = "$(TARGET_NAME)";
				SWIFT_VERSION = 5.0;
				TARGETED_DEVICE_FAMILY = "1,2";
				TEST_TARGET_NAME = TodoApp;
			};
			name = Release;
		};
/* End XCBuildConfiguration section */

/* Begin XCConfigurationList section */
		BA5C58AE2565F84200178AB4 /* Build configuration list for PBXProject "TodoApp" */ = {
			isa = XCConfigurationList;
			buildConfigurations = (
				BA5C58DB2565F84400178AB4 /* Debug */,
				BA5C58DC2565F84400178AB4 /* Release */,
			);
			defaultConfigurationIsVisible = 0;
			defaultConfigurationName = Release;
		};
		BA5C58DD2565F84400178AB4 /* Build configuration list for PBXNativeTarget "TodoApp" */ = {
			isa = XCConfigurationList;
			buildConfigurations = (
				BA5C58DE2565F84400178AB4 /* Debug */,
				BA5C58DF2565F84400178AB4 /* Release */,
			);
			defaultConfigurationIsVisible = 0;
			defaultConfigurationName = Release;
		};
		BA5C58E02565F84400178AB4 /* Build configuration list for PBXNativeTarget "TodoAppTests" */ = {
			isa = XCConfigurationList;
			buildConfigurations = (
				BA5C58E12565F84400178AB4 /* Debug */,
				BA5C58E22565F84400178AB4 /* Release */,
			);
			defaultConfigurationIsVisible = 0;
			defaultConfigurationName = Release;
		};
		BA5C58E32565F84400178AB4 /* Build configuration list for PBXNativeTarget "TodoAppUITests" */ = {
			isa = XCConfigurationList;
			buildConfigurations = (
				BA5C58E42565F84400178AB4 /* Debug */,
				BA5C58E52565F84400178AB4 /* Release */,
			);
			defaultConfigurationIsVisible = 0;
			defaultConfigurationName = Release;
		};
/* End XCConfigurationList section */

/* Begin XCVersionGroup section */
		BA5C58C12565F84400178AB4 /* TodoApp.xcdatamodeld */ = {
			isa = XCVersionGroup;
			children = (
				BA5C58C22565F84400178AB4 /* TodoApp.xcdatamodel */,
			);
			currentVersion = BA5C58C22565F84400178AB4 /* TodoApp.xcdatamodel */;
			path = TodoApp.xcdatamodeld;
			sourceTree = "<group>";
			versionGroupType = wrapper.xcdatamodel;
		};
/* End XCVersionGroup section */
	};
	rootObject = BA5C58AB2565F84200178AB4 /* Project object */;
}
